
Microsoft Visual Studio Solution File, Format Version 12.00
# Visual Studio Version 17
VisualStudioVersion = 17.5.002.0
MinimumVisualStudioVersion = 10.0.40219.1
Project("{9A19103F-16F7-4668-BE54-9A1E7A4F7556}") = "lab3", "lab3.csproj", "{341F8A80-B78F-4F84-B524-B5C925870518}"
EndProject
Global
	GlobalSection(SolutionConfigurationPlatforms) = preSolution
		Debug|Any CPU = Debug|Any CPU
		Release|Any CPU = Release|Any CPU
	EndGlobalSection
	GlobalSection(ProjectConfigurationPlatforms) = postSolution
		{341F8A80-B78F-4F84-B524-B5C925870518}.Debug|Any CPU.ActiveCfg = Debug|Any CPU
		{341F8A80-B78F-4F84-B524-B5C925870518}.Debug|Any CPU.Build.0 = Debug|Any CPU
		{341F8A80-B78F-4F84-B524-B5C925870518}.Release|Any CPU.ActiveCfg = Release|Any CPU
		{341F8A80-B78F-4F84-B524-B5C925870518}.Release|Any CPU.Build.0 = Release|Any CPU
	EndGlobalSection
	GlobalSection(SolutionProperties) = preSolution
		HideSolutionNode = FALSE
	EndGlobalSection
	GlobalSection(ExtensibilityGlobals) = postSolution
		SolutionGuid = {0B515A80-3546-43BC-8051-264E7936AC5F}
	EndGlobalSection
EndGlobal
